
Microsoft Visual Studio Solution File, Format Version 12.00
# Visual Studio Version 17
VisualStudioVersion = 17.6.33829.357
MinimumVisualStudioVersion = 10.0.40219.1
Project("{FAE04EC0-301F-11D3-BF4B-00C04F79EFBC}") = "MyProject", "MyProject\MyProject.csproj", "{614B88E0-F480-4DB2-8330-EB36F245D957}"
EndProject
Global
	GlobalSection(SolutionConfigurationPlatforms) = preSolution
		Debug|Any CPU = Debug|Any CPU
		Release|Any CPU = Release|Any CPU
	EndGlobalSection
	GlobalSection(ProjectConfigurationPlatforms) = postSolution
		{614B88E0-F480-4DB2-8330-EB36F245D957}.Debug|Any CPU.ActiveCfg = Debug|Any CPU
		{614B88E0-F480-4DB2-8330-EB36F245D957}.Debug|Any CPU.Build.0 = Debug|Any CPU
		{614B88E0-F480-4DB2-8330-EB36F245D957}.Release|Any CPU.ActiveCfg = Release|Any CPU
		{614B88E0-F480-4DB2-8330-EB36F245D957}.Release|Any CPU.Build.0 = Release|Any CPU
	EndGlobalSection
	GlobalSection(SolutionProperties) = preSolution
		HideSolutionNode = FALSE
	EndGlobalSection
	GlobalSection(ExtensibilityGlobals) = postSolution
		SolutionGuid = {366EC680-E326-4B47-837B-3D2F31A19E33}
	EndGlobalSection
EndGlobal
